
Microsoft Visual Studio Solution File, Format Version 12.00
# Visual Studio Version 17
VisualStudioVersion = 17.5.002.0
MinimumVisualStudioVersion = 10.0.40219.1
Project("{9A19103F-16F7-4668-BE54-9A1E7A4F7556}") = "LClaproth.MyFinancialTracker.Identity", "LClaproth.MyFinancialTracker.Identity.csproj", "{765C7864-C1F5-4E0B-9D12-CE9B94B25E03}"
EndProject
Global
	GlobalSection(SolutionConfigurationPlatforms) = preSolution
		Debug|Any CPU = Debug|Any CPU
		Release|Any CPU = Release|Any CPU
	EndGlobalSection
	GlobalSection(ProjectConfigurationPlatforms) = postSolution
		{765C7864-C1F5-4E0B-9D12-CE9B94B25E03}.Debug|Any CPU.ActiveCfg = Debug|Any CPU
		{765C7864-C1F5-4E0B-9D12-CE9B94B25E03}.Debug|Any CPU.Build.0 = Debug|Any CPU
		{765C7864-C1F5-4E0B-9D12-CE9B94B25E03}.Release|Any CPU.ActiveCfg = Release|Any CPU
		{765C7864-C1F5-4E0B-9D12-CE9B94B25E03}.Release|Any CPU.Build.0 = Release|Any CPU
	EndGlobalSection
	GlobalSection(SolutionProperties) = preSolution
		HideSolutionNode = FALSE
	EndGlobalSection
	GlobalSection(ExtensibilityGlobals) = postSolution
		SolutionGuid = {261922C0-DDA5-4863-BBD9-F983F4462C80}
	EndGlobalSection
EndGlobal
